lockfileVersion: '9.0'

settings:
  autoInstallPeers: true
  excludeLinksFromLockfile: false

importers:

  .:
    dependencies:
      tiktoken:
        specifier: ^1.0.22
        version: 1.0.22

packages:

  tiktoken@1.0.22:
    resolution: {integrity: sha512-PKvy1rVF1RibfF3JlXBSP0Jrcw2uq3yXdgcEXtKTYn3QJ/cBRBHDnrJ5jHky+MENZ6DIPwNUGWpkVx+7joCpNA==}

snapshots:

  tiktoken@1.0.22: {}
